
Microsoft Visual Studio Solution File, Format Version 12.00
# Visual Studio Version 16
VisualStudioVersion = 16.0.29613.14
MinimumVisualStudioVersion = 10.0.40219.1
Project("{9A19103F-16F7-4668-BE54-9A1E7A4F7556}") = "AireMain", "AireMain\AireMain.csproj", "{C9C7875F-A8D5-4F3F-A2D8-096BEA39752C}"
EndProject
Project("{FAE04EC0-301F-11D3-BF4B-00C04F79EFBC}") = "NUnitTestProject1", "NUnitTestProject1\NUnitTestProject1.csproj", "{7A763363-DD4C-4A07-A4DC-8416F8E235D5}"
EndProject
Global
	GlobalSection(SolutionConfigurationPlatforms) = preSolution
		Debug|Any CPU = Debug|Any CPU
		Release|Any CPU = Release|Any CPU
	EndGlobalSection
	GlobalSection(ProjectConfigurationPlatforms) = postSolution
		{C9C7875F-A8D5-4F3F-A2D8-096BEA39752C}.Debug|Any CPU.ActiveCfg = Debug|Any CPU
		{C9C7875F-A8D5-4F3F-A2D8-096BEA39752C}.Debug|Any CPU.Build.0 = Debug|Any CPU
		{C9C7875F-A8D5-4F3F-A2D8-096BEA39752C}.Release|Any CPU.ActiveCfg = Release|Any CPU
		{C9C7875F-A8D5-4F3F-A2D8-096BEA39752C}.Release|Any CPU.Build.0 = Release|Any CPU
		{7A763363-DD4C-4A07-A4DC-8416F8E235D5}.Debug|Any CPU.ActiveCfg = Debug|Any CPU
		{7A763363-DD4C-4A07-A4DC-8416F8E235D5}.Debug|Any CPU.Build.0 = Debug|Any CPU
		{7A763363-DD4C-4A07-A4DC-8416F8E235D5}.Release|Any CPU.ActiveCfg = Release|Any CPU
		{7A763363-DD4C-4A07-A4DC-8416F8E235D5}.Release|Any CPU.Build.0 = Release|Any CPU
	EndGlobalSection
	GlobalSection(SolutionProperties) = preSolution
		HideSolutionNode = FALSE
	EndGlobalSection
	GlobalSection(ExtensibilityGlobals) = postSolution
		SolutionGuid = {00112C42-056D-477B-9DF7-71F34C42311E}
	EndGlobalSection
EndGlobal
